
Microsoft Visual Studio Solution File, Format Version 12.00
# Visual Studio 15
VisualStudioVersion = 15.0.27703.2047
MinimumVisualStudioVersion = 10.0.40219.1
Project("{FAE04EC0-301F-11D3-BF4B-00C04F79EFBC}") = "Bitmonlandia", "Bitmonlandia.csproj", "{D1757A30-338E-4B13-AE94-D66E111A5897}"
EndProject
Global
	GlobalSection(SolutionConfigurationPlatforms) = preSolution
		Debug|Any CPU = Debug|Any CPU
		Release|Any CPU = Release|Any CPU
	EndGlobalSection
	GlobalSection(ProjectConfigurationPlatforms) = postSolution
		{D1757A30-338E-4B13-AE94-D66E111A5897}.Debug|Any CPU.ActiveCfg = Debug|Any CPU
		{D1757A30-338E-4B13-AE94-D66E111A5897}.Debug|Any CPU.Build.0 = Debug|Any CPU
		{D1757A30-338E-4B13-AE94-D66E111A5897}.Release|Any CPU.ActiveCfg = Release|Any CPU
		{D1757A30-338E-4B13-AE94-D66E111A5897}.Release|Any CPU.Build.0 = Release|Any CPU
	EndGlobalSection
	GlobalSection(SolutionProperties) = preSolution
		HideSolutionNode = FALSE
	EndGlobalSection
	GlobalSection(ExtensibilityGlobals) = postSolution
		SolutionGuid = {6A008ECC-8BCD-4B59-AC40-82432FB77814}
	EndGlobalSection
EndGlobal
